// !$*UTF8*$!
{
	archiveVersion = 1;
	classes = {
	};
	objectVersion = 44;
	objects = {

/* Begin PBXBuildFile section */
		0091D8F90E81B9330029341E /* OpenGL.framework in Frameworks */ = {isa = PBXBuildFile; fileRef = 0091D8F80E81B9330029341E /* OpenGL.framework */; };
		0097E3E50F3E9819005A4392 /* QuickTime.framework in Frameworks */ = {isa = PBXBuildFile; fileRef = 0097E3E40F3E9819005A4392 /* QuickTime.framework */; };
		00B784B30FF439BC000DE1D7 /* Accelerate.framework in Frameworks */ = {isa = PBXBuildFile; fileRef = 00B784AF0FF439BC000DE1D7 /* Accelerate.framework */; };
		00B784B40FF439BC000DE1D7 /* AudioToolbox.framework in Frameworks */ = {isa = PBXBuildFile; fileRef = 00B784B00FF439BC000DE1D7 /* AudioToolbox.framework */; };
		00B784B50FF439BC000DE1D7 /* AudioUnit.framework in Frameworks */ = {isa = PBXBuildFile; fileRef = 00B784B10FF439BC000DE1D7 /* AudioUnit.framework */; };
		00B784B60FF439BC000DE1D7 /* CoreAudio.framework in Frameworks */ = {isa = PBXBuildFile; fileRef = 00B784B20FF439BC000DE1D7 /* CoreAudio.framework */; };
		00BAE65A0E7ED9C10018A608 /* AfwExampleApp.cpp in Sources */ = {isa = PBXBuildFile; fileRef = 00BAE6590E7ED9C10018A608 /* AfwExampleApp.cpp */; };
		00CCAF15116A9FEE008396D5 /* CinderApp.icns in Resources */ = {isa = PBXBuildFile; fileRef = 00CCAF14116A9FEE008396D5 /* CinderApp.icns */; };
		5323E6B20EAFCA74003A9687 /* CoreVideo.framework in Frameworks */ = {isa = PBXBuildFile; fileRef = 5323E6B10EAFCA74003A9687 /* CoreVideo.framework */; };
		5323E6B60EAFCA7E003A9687 /* QTKit.framework in Frameworks */ = {isa = PBXBuildFile; fileRef = 5323E6B50EAFCA7E003A9687 /* QTKit.framework */; };
		53E3CDFC0E86099300238D2B /* Carbon.framework in Frameworks */ = {isa = PBXBuildFile; fileRef = 53E3CDFB0E86099300238D2B /* Carbon.framework */; };
		84AB9AB113DA059700DDC168 /* Asystemroot.cpp in Sources */ = {isa = PBXBuildFile; fileRef = 84AB9AB013DA059700DDC168 /* Asystemroot.cpp */; };
		84AB9C5E13DA072500DDC168 /* Abutton.cpp in Sources */ = {isa = PBXBuildFile; fileRef = 84AB9C3813DA072500DDC168 /* Abutton.cpp */; };
		84AB9C5F13DA072500DDC168 /* Acollider.cpp in Sources */ = {isa = PBXBuildFile; fileRef = 84AB9C3A13DA072500DDC168 /* Acollider.cpp */; };
		84AB9C6013DA072500DDC168 /* Acolor.cpp in Sources */ = {isa = PBXBuildFile; fileRef = 84AB9C3B13DA072500DDC168 /* Acolor.cpp */; };
		84AB9C6113DA072500DDC168 /* Aevent.cpp in Sources */ = {isa = PBXBuildFile; fileRef = 84AB9C3D13DA072500DDC168 /* Aevent.cpp */; };
		84AB9C6213DA072500DDC168 /* Afileexplorer.cpp in Sources */ = {isa = PBXBuildFile; fileRef = 84AB9C3F13DA072500DDC168 /* Afileexplorer.cpp */; };
		84AB9C6313DA072500DDC168 /* Aimage.cpp in Sources */ = {isa = PBXBuildFile; fileRef = 84AB9C4213DA072500DDC168 /* Aimage.cpp */; };
		84AB9C6413DA072500DDC168 /* Amessage.cpp in Sources */ = {isa = PBXBuildFile; fileRef = 84AB9C4413DA072500DDC168 /* Amessage.cpp */; };
		84AB9C6513DA072500DDC168 /* Aobj.cpp in Sources */ = {isa = PBXBuildFile; fileRef = 84AB9C4613DA072500DDC168 /* Aobj.cpp */; };
		84AB9C6613DA072500DDC168 /* Aparticle.cpp in Sources */ = {isa = PBXBuildFile; fileRef = 84AB9C4813DA072500DDC168 /* Aparticle.cpp */; };
		84AB9C6713DA072500DDC168 /* Aradiobuttons.cpp in Sources */ = {isa = PBXBuildFile; fileRef = 84AB9C4913DA072500DDC168 /* Aradiobuttons.cpp */; };
		84AB9C6813DA072500DDC168 /* Arect.cpp in Sources */ = {isa = PBXBuildFile; fileRef = 84AB9C4B13DA072500DDC168 /* Arect.cpp */; };
		84AB9C6913DA072500DDC168 /* Aslider.cpp in Sources */ = {isa = PBXBuildFile; fileRef = 84AB9C4D13DA072500DDC168 /* Aslider.cpp */; };
		84AB9C6A13DA072500DDC168 /* Aspring.cpp in Sources */ = {isa = PBXBuildFile; fileRef = 84AB9C4F13DA072500DDC168 /* Aspring.cpp */; };
		84AB9C6B13DA072500DDC168 /* Atextbox.cpp in Sources */ = {isa = PBXBuildFile; fileRef = 84AB9C5013DA072500DDC168 /* Atextbox.cpp */; };
		84AB9C6C13DA072500DDC168 /* Atextentrybox.cpp in Sources */ = {isa = PBXBuildFile; fileRef = 84AB9C5213DA072500DDC168 /* Atextentrybox.cpp */; };
		84AB9C6D13DA072500DDC168 /* Auicoloreditor.cpp in Sources */ = {isa = PBXBuildFile; fileRef = 84AB9C5413DA072500DDC168 /* Auicoloreditor.cpp */; };
		84AB9C6E13DA072500DDC168 /* Auicontainer.cpp in Sources */ = {isa = PBXBuildFile; fileRef = 84AB9C5613DA072500DDC168 /* Auicontainer.cpp */; };
		84AB9C6F13DA072500DDC168 /* Autil.cpp in Sources */ = {isa = PBXBuildFile; fileRef = 84AB9C5813DA072500DDC168 /* Autil.cpp */; };
		84AB9C7013DA072500DDC168 /* Axml.cpp in Sources */ = {isa = PBXBuildFile; fileRef = 84AB9C5A13DA072500DDC168 /* Axml.cpp */; };
		84AB9C7113DA072500DDC168 /* README.rtf in Resources */ = {isa = PBXBuildFile; fileRef = 84AB9C5D13DA072500DDC168 /* README.rtf */; };
		8D11072F0486CEB800E47090 /* Cocoa.framework in Frameworks */ = {isa = PBXBuildFile; fileRef = 1058C7A1FEA54F0111CA2CBB /* Cocoa.framework */; };
/* End PBXBuildFile section */

/* Begin PBXFileReference section */
		0091D8F80E81B9330029341E /* OpenGL.framework */ = {isa = PBXFileReference; lastKnownFileType = wrapper.framework; name = OpenGL.framework; path = /System/Library/Frameworks/OpenGL.framework; sourceTree = "<absolute>"; };
		0097E3E40F3E9819005A4392 /* QuickTime.framework */ = {isa = PBXFileReference; lastKnownFileType = wrapper.framework; name = QuickTime.framework; path = /System/Library/Frameworks/QuickTime.framework; sourceTree = "<absolute>"; };
		00B784AF0FF439BC000DE1D7 /* Accelerate.framework */ = {isa = PBXFileReference; lastKnownFileType = wrapper.framework; name = Accelerate.framework; path = System/Library/Frameworks/Accelerate.framework; sourceTree = SDKROOT; };
		00B784B00FF439BC000DE1D7 /* AudioToolbox.framework */ = {isa = PBXFileReference; lastKnownFileType = wrapper.framework; name = AudioToolbox.framework; path = System/Library/Frameworks/AudioToolbox.framework; sourceTree = SDKROOT; };
		00B784B10FF439BC000DE1D7 /* AudioUnit.framework */ = {isa = PBXFileReference; lastKnownFileType = wrapper.framework; name = AudioUnit.framework; path = System/Library/Frameworks/AudioUnit.framework; sourceTree = SDKROOT; };
		00B784B20FF439BC000DE1D7 /* CoreAudio.framework */ = {isa = PBXFileReference; lastKnownFileType = wrapper.framework; name = CoreAudio.framework; path = System/Library/Frameworks/CoreAudio.framework; sourceTree = SDKROOT; };
		00BAE6590E7ED9C10018A608 /* AfwExampleApp.cpp */ = {isa = PBXFileReference; fileEncoding = 4; lastKnownFileType = sourcecode.cpp.cpp; name = AfwExampleApp.cpp; path = ../src/AfwExampleApp.cpp; sourceTree = SOURCE_ROOT; };
		00CCAF14116A9FEE008396D5 /* CinderApp.icns */ = {isa = PBXFileReference; lastKnownFileType = image.icns; name = CinderApp.icns; path = ../resources/CinderApp.icns; sourceTree = SOURCE_ROOT; };
		1058C7A1FEA54F0111CA2CBB /* Cocoa.framework */ = {isa = PBXFileReference; lastKnownFileType = wrapper.framework; name = Cocoa.framework; path = /System/Library/Frameworks/Cocoa.framework; sourceTree = "<absolute>"; };
		13E42FB307B3F0F600E4EEF1 /* CoreData.framework */ = {isa = PBXFileReference; lastKnownFileType = wrapper.framework; name = CoreData.framework; path = /System/Library/Frameworks/CoreData.framework; sourceTree = "<absolute>"; };
		29B97324FDCFA39411CA2CEA /* AppKit.framework */ = {isa = PBXFileReference; lastKnownFileType = wrapper.framework; name = AppKit.framework; path = /System/Library/Frameworks/AppKit.framework; sourceTree = "<absolute>"; };
		29B97325FDCFA39411CA2CEA /* Foundation.framework */ = {isa = PBXFileReference; lastKnownFileType = wrapper.framework; name = Foundation.framework; path = /System/Library/Frameworks/Foundation.framework; sourceTree = "<absolute>"; };
		32CA4F630368D1EE00C91783 /* AfwExample_Prefix.pch */ = {isa = PBXFileReference; fileEncoding = 4; lastKnownFileType = sourcecode.c.h; path = AfwExample_Prefix.pch; sourceTree = "<group>"; };
		5323E6B10EAFCA74003A9687 /* CoreVideo.framework */ = {isa = PBXFileReference; lastKnownFileType = wrapper.framework; name = CoreVideo.framework; path = /System/Library/Frameworks/CoreVideo.framework; sourceTree = "<absolute>"; };
		5323E6B50EAFCA7E003A9687 /* QTKit.framework */ = {isa = PBXFileReference; lastKnownFileType = wrapper.framework; name = QTKit.framework; path = /System/Library/Frameworks/QTKit.framework; sourceTree = "<absolute>"; };
		53E3CDFB0E86099300238D2B /* Carbon.framework */ = {isa = PBXFileReference; lastKnownFileType = wrapper.framework; name = Carbon.framework; path = /System/Library/Frameworks/Carbon.framework; sourceTree = "<absolute>"; };
		84AB9AAF13DA059700DDC168 /* Asystemroot.h */ = {isa = PBXFileReference; fileEncoding = 4; lastKnownFileType = sourcecode.c.h; path = Asystemroot.h; sourceTree = "<group>"; };
		84AB9AB013DA059700DDC168 /* Asystemroot.cpp */ = {isa = PBXFileReference; fileEncoding = 4; lastKnownFileType = sourcecode.cpp.cpp; path = Asystemroot.cpp; sourceTree = "<group>"; };
		84AB9C3813DA072500DDC168 /* Abutton.cpp */ = {isa = PBXFileReference; fileEncoding = 4; lastKnownFileType = sourcecode.cpp.cpp; path = Abutton.cpp; sourceTree = "<group>"; };
		84AB9C3913DA072500DDC168 /* Abutton.h */ = {isa = PBXFileReference; fileEncoding = 4; lastKnownFileType = sourcecode.c.h; path = Abutton.h; sourceTree = "<group>"; };
		84AB9C3A13DA072500DDC168 /* Acollider.cpp */ = {isa = PBXFileReference; fileEncoding = 4; lastKnownFileType = sourcecode.cpp.cpp; path = Acollider.cpp; sourceTree = "<group>"; };
		84AB9C3B13DA072500DDC168 /* Acolor.cpp */ = {isa = PBXFileReference; fileEncoding = 4; lastKnownFileType = sourcecode.cpp.cpp; path = Acolor.cpp; sourceTree = "<group>"; };
		84AB9C3C13DA072500DDC168 /* Acolor.h */ = {isa = PBXFileReference; fileEncoding = 4; lastKnownFileType = sourcecode.c.h; path = Acolor.h; sourceTree = "<group>"; };
		84AB9C3D13DA072500DDC168 /* Aevent.cpp */ = {isa = PBXFileReference; fileEncoding = 4; lastKnownFileType = sourcecode.cpp.cpp; path = Aevent.cpp; sourceTree = "<group>"; };
		84AB9C3E13DA072500DDC168 /* Aevent.h */ = {isa = PBXFileReference; fileEncoding = 4; lastKnownFileType = sourcecode.c.h; path = Aevent.h; sourceTree = "<group>"; };
		84AB9C3F13DA072500DDC168 /* Afileexplorer.cpp */ = {isa = PBXFileReference; fileEncoding = 4; lastKnownFileType = sourcecode.cpp.cpp; path = Afileexplorer.cpp; sourceTree = "<group>"; };
		84AB9C4013DA072500DDC168 /* Afileexplorer.h */ = {isa = PBXFileReference; fileEncoding = 4; lastKnownFileType = sourcecode.c.h; path = Afileexplorer.h; sourceTree = "<group>"; };
		84AB9C4113DA072500DDC168 /* Afw.h */ = {isa = PBXFileReference; fileEncoding = 4; lastKnownFileType = sourcecode.c.h; path = Afw.h; sourceTree = "<group>"; };
		84AB9C4213DA072500DDC168 /* Aimage.cpp */ = {isa = PBXFileReference; fileEncoding = 4; lastKnownFileType = sourcecode.cpp.cpp; path = Aimage.cpp; sourceTree = "<group>"; };
		84AB9C4313DA072500DDC168 /* Aimage.h */ = {isa = PBXFileReference; fileEncoding = 4; lastKnownFileType = sourcecode.c.h; path = Aimage.h; sourceTree = "<group>"; };
		84AB9C4413DA072500DDC168 /* Amessage.cpp */ = {isa = PBXFileReference; fileEncoding = 4; lastKnownFileType = sourcecode.cpp.cpp; path = Amessage.cpp; sourceTree = "<group>"; };
		84AB9C4513DA072500DDC168 /* Amessage.h */ = {isa = PBXFileReference; fileEncoding = 4; lastKnownFileType = sourcecode.c.h; path = Amessage.h; sourceTree = "<group>"; };
		84AB9C4613DA072500DDC168 /* Aobj.cpp */ = {isa = PBXFileReference; fileEncoding = 4; lastKnownFileType = sourcecode.cpp.cpp; path = Aobj.cpp; sourceTree = "<group>"; };
		84AB9C4713DA072500DDC168 /* Aobj.h */ = {isa = PBXFileReference; fileEncoding = 4; lastKnownFileType = sourcecode.c.h; path = Aobj.h; sourceTree = "<group>"; };
		84AB9C4813DA072500DDC168 /* Aparticle.cpp */ = {isa = PBXFileReference; fileEncoding = 4; lastKnownFileType = sourcecode.cpp.cpp; path = Aparticle.cpp; sourceTree = "<group>"; };
		84AB9C4913DA072500DDC168 /* Aradiobuttons.cpp */ = {isa = PBXFileReference; fileEncoding = 4; lastKnownFileType = sourcecode.cpp.cpp; path = Aradiobuttons.cpp; sourceTree = "<group>"; };
		84AB9C4A13DA072500DDC168 /* Aradiobuttons.h */ = {isa = PBXFileReference; fileEncoding = 4; lastKnownFileType = sourcecode.c.h; path = Aradiobuttons.h; sourceTree = "<group>"; };
		84AB9C4B13DA072500DDC168 /* Arect.cpp */ = {isa = PBXFileReference; fileEncoding = 4; lastKnownFileType = sourcecode.cpp.cpp; path = Arect.cpp; sourceTree = "<group>"; };
		84AB9C4C13DA072500DDC168 /* Arect.h */ = {isa = PBXFileReference; fileEncoding = 4; lastKnownFileType = sourcecode.c.h; path = Arect.h; sourceTree = "<group>"; };
		84AB9C4D13DA072500DDC168 /* Aslider.cpp */ = {isa = PBXFileReference; fileEncoding = 4; lastKnownFileType = sourcecode.cpp.cpp; path = Aslider.cpp; sourceTree = "<group>"; };
		84AB9C4E13DA072500DDC168 /* Aslider.h */ = {isa = PBXFileReference; fileEncoding = 4; lastKnownFileType = sourcecode.c.h; path = Aslider.h; sourceTree = "<group>"; };
		84AB9C4F13DA072500DDC168 /* Aspring.cpp */ = {isa = PBXFileReference; fileEncoding = 4; lastKnownFileType = sourcecode.cpp.cpp; path = Aspring.cpp; sourceTree = "<group>"; };
		84AB9C5013DA072500DDC168 /* Atextbox.cpp */ = {isa = PBXFileReference; fileEncoding = 4; lastKnownFileType = sourcecode.cpp.cpp; path = Atextbox.cpp; sourceTree = "<group>"; };
		84AB9C5113DA072500DDC168 /* Atextbox.h */ = {isa = PBXFileReference; fileEncoding = 4; lastKnownFileType = sourcecode.c.h; path = Atextbox.h; sourceTree = "<group>"; };
		84AB9C5213DA072500DDC168 /* Atextentrybox.cpp */ = {isa = PBXFileReference; fileEncoding = 4; lastKnownFileType = sourcecode.cpp.cpp; path = Atextentrybox.cpp; sourceTree = "<group>"; };
		84AB9C5313DA072500DDC168 /* Atextentrybox.h */ = {isa = PBXFileReference; fileEncoding = 4; lastKnownFileType = sourcecode.c.h; path = Atextentrybox.h; sourceTree = "<group>"; };
		84AB9C5413DA072500DDC168 /* Auicoloreditor.cpp */ = {isa = PBXFileReference; fileEncoding = 4; lastKnownFileType = sourcecode.cpp.cpp; path = Auicoloreditor.cpp; sourceTree = "<group>"; };
		84AB9C5513DA072500DDC168 /* Auicoloreditor.h */ = {isa = PBXFileReference; fileEncoding = 4; lastKnownFileType = sourcecode.c.h; path = Auicoloreditor.h; sourceTree = "<group>"; };
		84AB9C5613DA072500DDC168 /* Auicontainer.cpp */ = {isa = PBXFileReference; fileEncoding = 4; lastKnownFileType = sourcecode.cpp.cpp; path = Auicontainer.cpp; sourceTree = "<group>"; };
		84AB9C5713DA072500DDC168 /* Auicontainer.h */ = {isa = PBXFileReference; fileEncoding = 4; lastKnownFileType = sourcecode.c.h; path = Auicontainer.h; sourceTree = "<group>"; };
		84AB9C5813DA072500DDC168 /* Autil.cpp */ = {isa = PBXFileReference; fileEncoding = 4; lastKnownFileType = sourcecode.cpp.cpp; path = Autil.cpp; sourceTree = "<group>"; };
		84AB9C5913DA072500DDC168 /* Autil.h */ = {isa = PBXFileReference; fileEncoding = 4; lastKnownFileType = sourcecode.c.h; path = Autil.h; sourceTree = "<group>"; };
		84AB9C5A13DA072500DDC168 /* Axml.cpp */ = {isa = PBXFileReference; fileEncoding = 4; lastKnownFileType = sourcecode.cpp.cpp; path = Axml.cpp; sourceTree = "<group>"; };
		84AB9C5B13DA072500DDC168 /* Axml.h */ = {isa = PBXFileReference; fileEncoding = 4; lastKnownFileType = sourcecode.c.h; path = Axml.h; sourceTree = "<group>"; };
		84AB9C5C13DA072500DDC168 /* physicscore.h */ = {isa = PBXFileReference; fileEncoding = 4; lastKnownFileType = sourcecode.c.h; path = physicscore.h; sourceTree = "<group>"; };
		84AB9C5D13DA072500DDC168 /* README.rtf */ = {isa = PBXFileReference; lastKnownFileType = text.rtf; path = README.rtf; sourceTree = "<group>"; };
		8D1107310486CEB800E47090 /* Info.plist */ = {isa = PBXFileReference; fileEncoding = 4; lastKnownFileType = text.plist.xml; path = Info.plist; sourceTree = "<group>"; };
		8D1107320486CEB800E47090 /* AfwExample.app */ = {isa = PBXFileReference; explicitFileType = wrapper.application; includeInIndex = 0; path = AfwExample.app; sourceTree = BUILT_PRODUCTS_DIR; };
/* End PBXFileReference section */

/* Begin PBXFrameworksBuildPhase section */
		8D11072E0486CEB800E47090 /* Frameworks */ = {
			isa = PBXFrameworksBuildPhase;
			buildActionMask = 2147483647;
			files = (
				8D11072F0486CEB800E47090 /* Cocoa.framework in Frameworks */,
				0091D8F90E81B9330029341E /* OpenGL.framework in Frameworks */,
				53E3CDFC0E86099300238D2B /* Carbon.framework in Frameworks */,
				5323E6B20EAFCA74003A9687 /* CoreVideo.framework in Frameworks */,
				5323E6B60EAFCA7E003A9687 /* QTKit.framework in Frameworks */,
				0097E3E50F3E9819005A4392 /* QuickTime.framework in Frameworks */,
				00B784B30FF439BC000DE1D7 /* Accelerate.framework in Frameworks */,
				00B784B40FF439BC000DE1D7 /* AudioToolbox.framework in Frameworks */,
				00B784B50FF439BC000DE1D7 /* AudioUnit.framework in Frameworks */,
				00B784B60FF439BC000DE1D7 /* CoreAudio.framework in Frameworks */,
			);
			runOnlyForDeploymentPostprocessing = 0;
		};
/* End PBXFrameworksBuildPhase section */

/* Begin PBXGroup section */
		080E96DDFE201D6D7F000001 /* Source */ = {
			isa = PBXGroup;
			children = (
				00BAE6590E7ED9C10018A608 /* AfwExampleApp.cpp */,
				84AB9AAF13DA059700DDC168 /* Asystemroot.h */,
				84AB9AB013DA059700DDC168 /* Asystemroot.cpp */,
			);
			name = Source;
			sourceTree = "<group>";
		};
		1058C7A0FEA54F0111CA2CBB /* Linked Frameworks */ = {
			isa = PBXGroup;
			children = (
				00B784AF0FF439BC000DE1D7 /* Accelerate.framework */,
				00B784B00FF439BC000DE1D7 /* AudioToolbox.framework */,
				00B784B10FF439BC000DE1D7 /* AudioUnit.framework */,
				00B784B20FF439BC000DE1D7 /* CoreAudio.framework */,
				0097E3E40F3E9819005A4392 /* QuickTime.framework */,
				5323E6B50EAFCA7E003A9687 /* QTKit.framework */,
				5323E6B10EAFCA74003A9687 /* CoreVideo.framework */,
				53E3CDFB0E86099300238D2B /* Carbon.framework */,
				0091D8F80E81B9330029341E /* OpenGL.framework */,
				1058C7A1FEA54F0111CA2CBB /* Cocoa.framework */,
			);
			name = "Linked Frameworks";
			sourceTree = "<group>";
		};
		1058C7A2FEA54F0111CA2CBB /* Other Frameworks */ = {
			isa = PBXGroup;
			children = (
				29B97324FDCFA39411CA2CEA /* AppKit.framework */,
				13E42FB307B3F0F600E4EEF1 /* CoreData.framework */,
				29B97325FDCFA39411CA2CEA /* Foundation.framework */,
			);
			name = "Other Frameworks";
			sourceTree = "<group>";
		};
		19C28FACFE9D520D11CA2CBB /* Products */ = {
			isa = PBXGroup;
			children = (
				8D1107320486CEB800E47090 /* AfwExample.app */,
			);
			name = Products;
			sourceTree = "<group>";
		};
		29B97314FDCFA39411CA2CEA /* AfwExample */ = {
			isa = PBXGroup;
			children = (
				84AB9C3713DA072500DDC168 /* Afw-src */,
				29B97315FDCFA39411CA2CEA /* Headers */,
				080E96DDFE201D6D7F000001 /* Source */,
				29B97317FDCFA39411CA2CEA /* Resources */,
				29B97323FDCFA39411CA2CEA /* Frameworks */,
				19C28FACFE9D520D11CA2CBB /* Products */,
			);
			name = AfwExample;
			sourceTree = "<group>";
		};
		29B97315FDCFA39411CA2CEA /* Headers */ = {
			isa = PBXGroup;
			children = (
				32CA4F630368D1EE00C91783 /* AfwExample_Prefix.pch */,
			);
			name = Headers;
			sourceTree = "<group>";
		};
		29B97317FDCFA39411CA2CEA /* Resources */ = {
			isa = PBXGroup;
			children = (
				8D1107310486CEB800E47090 /* Info.plist */,
				00CCAF14116A9FEE008396D5 /* CinderApp.icns */,
			);
			name = Resources;
			sourceTree = "<group>";
		};
		29B97323FDCFA39411CA2CEA /* Frameworks */ = {
			isa = PBXGroup;
			children = (
				1058C7A0FEA54F0111CA2CBB /* Linked Frameworks */,
				1058C7A2FEA54F0111CA2CBB /* Other Frameworks */,
			);
			name = Frameworks;
			sourceTree = "<group>";
		};
		84AB9C3713DA072500DDC168 /* Afw-src */ = {
			isa = PBXGroup;
			children = (
				84AB9C3813DA072500DDC168 /* Abutton.cpp */,
				84AB9C3913DA072500DDC168 /* Abutton.h */,
				84AB9C3A13DA072500DDC168 /* Acollider.cpp */,
				84AB9C3B13DA072500DDC168 /* Acolor.cpp */,
				84AB9C3C13DA072500DDC168 /* Acolor.h */,
				84AB9C3D13DA072500DDC168 /* Aevent.cpp */,
				84AB9C3E13DA072500DDC168 /* Aevent.h */,
				84AB9C3F13DA072500DDC168 /* Afileexplorer.cpp */,
				84AB9C4013DA072500DDC168 /* Afileexplorer.h */,
				84AB9C4113DA072500DDC168 /* Afw.h */,
				84AB9C4213DA072500DDC168 /* Aimage.cpp */,
				84AB9C4313DA072500DDC168 /* Aimage.h */,
				84AB9C4413DA072500DDC168 /* Amessage.cpp */,
				84AB9C4513DA072500DDC168 /* Amessage.h */,
				84AB9C4613DA072500DDC168 /* Aobj.cpp */,
				84AB9C4713DA072500DDC168 /* Aobj.h */,
				84AB9C4813DA072500DDC168 /* Aparticle.cpp */,
				84AB9C4913DA072500DDC168 /* Aradiobuttons.cpp */,
				84AB9C4A13DA072500DDC168 /* Aradiobuttons.h */,
				84AB9C4B13DA072500DDC168 /* Arect.cpp */,
				84AB9C4C13DA072500DDC168 /* Arect.h */,
				84AB9C4D13DA072500DDC168 /* Aslider.cpp */,
				84AB9C4E13DA072500DDC168 /* Aslider.h */,
				84AB9C4F13DA072500DDC168 /* Aspring.cpp */,
				84AB9C5013DA072500DDC168 /* Atextbox.cpp */,
				84AB9C5113DA072500DDC168 /* Atextbox.h */,
				84AB9C5213DA072500DDC168 /* Atextentrybox.cpp */,
				84AB9C5313DA072500DDC168 /* Atextentrybox.h */,
				84AB9C5413DA072500DDC168 /* Auicoloreditor.cpp */,
				84AB9C5513DA072500DDC168 /* Auicoloreditor.h */,
				84AB9C5613DA072500DDC168 /* Auicontainer.cpp */,
				84AB9C5713DA072500DDC168 /* Auicontainer.h */,
				84AB9C5813DA072500DDC168 /* Autil.cpp */,
				84AB9C5913DA072500DDC168 /* Autil.h */,
				84AB9C5A13DA072500DDC168 /* Axml.cpp */,
				84AB9C5B13DA072500DDC168 /* Axml.h */,
				84AB9C5C13DA072500DDC168 /* physicscore.h */,
				84AB9C5D13DA072500DDC168 /* README.rtf */,
			);
			name = "Afw-src";
			path = ../../../src;
			sourceTree = SOURCE_ROOT;
		};
/* End PBXGroup section */

/* Begin PBXNativeTarget section */
		8D1107260486CEB800E47090 /* AfwExample */ = {
			isa = PBXNativeTarget;
			buildConfigurationList = C01FCF4A08A954540054247B /* Build configuration list for PBXNativeTarget "AfwExample" */;
			buildPhases = (
				8D1107290486CEB800E47090 /* Resources */,
				8D11072C0486CEB800E47090 /* Sources */,
				8D11072E0486CEB800E47090 /* Frameworks */,
			);
			buildRules = (
			);
			dependencies = (
			);
			name = AfwExample;
			productInstallPath = "$(HOME)/Applications";
			productName = AfwExample;
			productReference = 8D1107320486CEB800E47090 /* AfwExample.app */;
			productType = "com.apple.product-type.application";
		};
/* End PBXNativeTarget section */

/* Begin PBXProject section */
		29B97313FDCFA39411CA2CEA /* Project object */ = {
			isa = PBXProject;
			buildConfigurationList = C01FCF4E08A954540054247B /* Build configuration list for PBXProject "AfwExample" */;
			compatibilityVersion = "Xcode 3.0";
			developmentRegion = English;
			hasScannedForEncodings = 1;
			knownRegions = (
				English,
				Japanese,
				French,
				German,
			);
			mainGroup = 29B97314FDCFA39411CA2CEA /* AfwExample */;
			projectDirPath = "";
			projectRoot = "";
			targets = (
				8D1107260486CEB800E47090 /* AfwExample */,
			);
		};
/* End PBXProject section */

/* Begin PBXResourcesBuildPhase section */
		8D1107290486CEB800E47090 /* Resources */ = {
			isa = PBXResourcesBuildPhase;
			buildActionMask = 2147483647;
			files = (
				00CCAF15116A9FEE008396D5 /* CinderApp.icns in Resources */,
				84AB9C7113DA072500DDC168 /* README.rtf in Resources */,
			);
			runOnlyForDeploymentPostprocessing = 0;
		};
/* End PBXResourcesBuildPhase section */

/* Begin PBXSourcesBuildPhase section */
		8D11072C0486CEB800E47090 /* Sources */ = {
			isa = PBXSourcesBuildPhase;
			buildActionMask = 2147483647;
			files = (
				00BAE65A0E7ED9C10018A608 /* AfwExampleApp.cpp in Sources */,
				84AB9AB113DA059700DDC168 /* Asystemroot.cpp in Sources */,
				84AB9C5E13DA072500DDC168 /* Abutton.cpp in Sources */,
				84AB9C5F13DA072500DDC168 /* Acollider.cpp in Sources */,
				84AB9C6013DA072500DDC168 /* Acolor.cpp in Sources */,
				84AB9C6113DA072500DDC168 /* Aevent.cpp in Sources */,
				84AB9C6213DA072500DDC168 /* Afileexplorer.cpp in Sources */,
				84AB9C6313DA072500DDC168 /* Aimage.cpp in Sources */,
				84AB9C6413DA072500DDC168 /* Amessage.cpp in Sources */,
				84AB9C6513DA072500DDC168 /* Aobj.cpp in Sources */,
				84AB9C6613DA072500DDC168 /* Aparticle.cpp in Sources */,
				84AB9C6713DA072500DDC168 /* Aradiobuttons.cpp in Sources */,
				84AB9C6813DA072500DDC168 /* Arect.cpp in Sources */,
				84AB9C6913DA072500DDC168 /* Aslider.cpp in Sources */,
				84AB9C6A13DA072500DDC168 /* Aspring.cpp in Sources */,
				84AB9C6B13DA072500DDC168 /* Atextbox.cpp in Sources */,
				84AB9C6C13DA072500DDC168 /* Atextentrybox.cpp in Sources */,
				84AB9C6D13DA072500DDC168 /* Auicoloreditor.cpp in Sources */,
				84AB9C6E13DA072500DDC168 /* Auicontainer.cpp in Sources */,
				84AB9C6F13DA072500DDC168 /* Autil.cpp in Sources */,
				84AB9C7013DA072500DDC168 /* Axml.cpp in Sources */,
			);
			runOnlyForDeploymentPostprocessing = 0;
		};
/* End PBXSourcesBuildPhase section */

/* Begin XCBuildConfiguration section */
		C01FCF4B08A954540054247B /* Debug */ = {
			isa = XCBuildConfiguration;
			buildSettings = {
				COPY_PHASE_STRIP = NO;
				GCC_DYNAMIC_NO_PIC = NO;
				GCC_ENABLE_FIX_AND_CONTINUE = YES;
				GCC_INLINES_ARE_PRIVATE_EXTERN = YES;
				GCC_MODEL_TUNING = G5;
				GCC_OPTIMIZATION_LEVEL = 0;
				GCC_PRECOMPILE_PREFIX_HEADER = YES;
				GCC_PREFIX_HEADER = AfwExample_Prefix.pch;
				GCC_SYMBOLS_PRIVATE_EXTERN = NO;
				INFOPLIST_FILE = Info.plist;
				INSTALL_PATH = "$(HOME)/Applications";
				OTHER_LDFLAGS = "\"$(CINDER_PATH)/lib/libcinder_d.a\"";
				PRODUCT_NAME = AfwExample;
				WRAPPER_EXTENSION = app;
			};
			name = Debug;
		};
		C01FCF4C08A954540054247B /* Release */ = {
			isa = XCBuildConfiguration;
			buildSettings = {
				DEAD_CODE_STRIPPING = YES;
				DEBUG_INFORMATION_FORMAT = "dwarf-with-dsym";
				GCC_FAST_MATH = YES;
				GCC_GENERATE_DEBUGGING_SYMBOLS = NO;
				GCC_INLINES_ARE_PRIVATE_EXTERN = YES;
				GCC_MODEL_TUNING = G5;
				GCC_OPTIMIZATION_LEVEL = 3;
				GCC_PRECOMPILE_PREFIX_HEADER = YES;
				GCC_PREFIX_HEADER = AfwExample_Prefix.pch;
				GCC_SYMBOLS_PRIVATE_EXTERN = NO;
				INFOPLIST_FILE = Info.plist;
				INSTALL_PATH = "$(HOME)/Applications";
				OTHER_LDFLAGS = "\"$(CINDER_PATH)/lib/libcinder.a\"";
				PRODUCT_NAME = AfwExample;
				STRIP_INSTALLED_PRODUCT = YES;
				WRAPPER_EXTENSION = app;
			};
			name = Release;
		};
		C01FCF4F08A954540054247B /* Debug */ = {
			isa = XCBuildConfiguration;
			buildSettings = {
				ALWAYS_SEARCH_USER_PATHS = NO;
				ARCHS = i386;
				CINDER_PATH = ../../../../..;
				GCC_WARN_ABOUT_RETURN_TYPE = YES;
				GCC_WARN_UNUSED_VARIABLE = YES;
				HEADER_SEARCH_PATHS = "\"$(CINDER_PATH)/boost\"";
				MACOSX_DEPLOYMENT_TARGET = 10.5;
				PREBINDING = NO;
				SDKROOT = "$(DEVELOPER_SDK_DIR)/MacOSX10.6.sdk";
				USER_HEADER_SEARCH_PATHS = "\"$(CINDER_PATH)/include\" ../include";
			};
			name = Debug;
		};
		C01FCF5008A954540054247B /* Release */ = {
			isa = XCBuildConfiguration;
			buildSettings = {
				ALWAYS_SEARCH_USER_PATHS = NO;
				ARCHS = i386;
				CINDER_PATH = ../../../../..;
				GCC_WARN_ABOUT_RETURN_TYPE = YES;
				GCC_WARN_UNUSED_VARIABLE = YES;
				HEADER_SEARCH_PATHS = "\"$(CINDER_PATH)/boost\"";
				MACOSX_DEPLOYMENT_TARGET = 10.5;
				PREBINDING = NO;
				SDKROOT = "$(DEVELOPER_SDK_DIR)/MacOSX10.6.sdk";
				USER_HEADER_SEARCH_PATHS = "\"$(CINDER_PATH)/include\" ../include";
			};
			name = Release;
		};
/* End XCBuildConfiguration section */

/* Begin XCConfigurationList section */
		C01FCF4A08A954540054247B /* Build configuration list for PBXNativeTarget "AfwExample" */ = {
			isa = XCConfigurationList;
			buildConfigurations = (
				C01FCF4B08A954540054247B /* Debug */,
				C01FCF4C08A954540054247B /* Release */,
			);
			defaultConfigurationIsVisible = 0;
			defaultConfigurationName = Release;
		};
		C01FCF4E08A954540054247B /* Build configuration list for PBXProject "AfwExample" */ = {
			isa = XCConfigurationList;
			buildConfigurations = (
				C01FCF4F08A954540054247B /* Debug */,
				C01FCF5008A954540054247B /* Release */,
			);
			defaultConfigurationIsVisible = 0;
			defaultConfigurationName = Release;
		};
/* End XCConfigurationList section */
	};
	rootObject = 29B97313FDCFA39411CA2CEA /* Project object */;
}
